
Microsoft Visual Studio Solution File, Format Version 12.00
# Visual Studio Version 16
VisualStudioVersion = 16.0.31321.278
MinimumVisualStudioVersion = 10.0.40219.1
Project("{FAE04EC0-301F-11D3-BF4B-00C04F79EFBC}") = "SampleBluetooth.UWP", "SampleBluetooth.UWP\SampleBluetooth.UWP.csproj", "{01D8E585-E848-4008-861E-2B1F002BE041}"
EndProject
Project("{FAE04EC0-301F-11D3-BF4B-00C04F79EFBC}") = "SampleBluetooth.Android", "SampleBluetooth.Android\SampleBluetooth.Android.csproj", "{A3B21840-B818-461F-8700-45336EFD2D8B}"
EndProject
Project("{FAE04EC0-301F-11D3-BF4B-00C04F79EFBC}") = "SampleBluetooth.iOS", "SampleBluetooth.iOS\SampleBluetooth.iOS.csproj", "{E1A80FE3-A3CE-4CE3-9530-4CDF9188A901}"
EndProject
Project("{FAE04EC0-301F-11D3-BF4B-00C04F79EFBC}") = "SampleBluetooth", "SampleBluetooth\SampleBluetooth.csproj", "{55ED534B-D9EB-41E8-9D83-4B10F542CCAA}"
EndProject
Global
	GlobalSection(SolutionConfigurationPlatforms) = preSolution
		Debug|Any CPU = Debug|Any CPU
		Debug|ARM = Debug|ARM
		Debug|iPhone = Debug|iPhone
		Debug|iPhoneSimulator = Debug|iPhoneSimulator
		Debug|x64 = Debug|x64
		Debug|x86 = Debug|x86
		Release|Any CPU = Release|Any CPU
		Release|ARM = Release|ARM
		Release|iPhone = Release|iPhone
		Release|iPhoneSimulator = Release|iPhoneSimulator
		Release|x64 = Release|x64
		Release|x86 = Release|x86
	EndGlobalSection
	GlobalSection(ProjectConfigurationPlatforms) = postSolution
		{01D8E585-E848-4008-861E-2B1F002BE041}.Debug|Any CPU.ActiveCfg = Debug|x86
		{01D8E585-E848-4008-861E-2B1F002BE041}.Debug|Any CPU.Build.0 = Debug|x86
		{01D8E585-E848-4008-861E-2B1F002BE041}.Debug|Any CPU.Deploy.0 = Debug|x86
		{01D8E585-E848-4008-861E-2B1F002BE041}.Debug|ARM.ActiveCfg = Debug|ARM
		{01D8E585-E848-4008-861E-2B1F002BE041}.Debug|ARM.Build.0 = Debug|ARM
		{01D8E585-E848-4008-861E-2B1F002BE041}.Debug|ARM.Deploy.0 = Debug|ARM
		{01D8E585-E848-4008-861E-2B1F002BE041}.Debug|iPhone.ActiveCfg = Debug|x86
		{01D8E585-E848-4008-861E-2B1F002BE041}.Debug|iPhone.Build.0 = Debug|x86
		{01D8E585-E848-4008-861E-2B1F002BE041}.Debug|iPhone.Deploy.0 = Debug|x86
		{01D8E585-E848-4008-861E-2B1F002BE041}.Debug|iPhoneSimulator.ActiveCfg = Debug|x86
		{01D8E585-E848-4008-861E-2B1F002BE041}.Debug|iPhoneSimulator.Build.0 = Debug|x86
		{01D8E585-E848-4008-861E-2B1F002BE041}.Debug|iPhoneSimulator.Deploy.0 = Debug|x86
		{01D8E585-E848-4008-861E-2B1F002BE041}.Debug|x64.ActiveCfg = Debug|x64
		{01D8E585-E848-4008-861E-2B1F002BE041}.Debug|x64.Build.0 = Debug|x64
		{01D8E585-E848-4008-861E-2B1F002BE041}.Debug|x64.Deploy.0 = Debug|x64
		{01D8E585-E848-4008-861E-2B1F002BE041}.Debug|x86.ActiveCfg = Debug|x86
		{01D8E585-E848-4008-861E-2B1F002BE041}.Debug|x86.Build.0 = Debug|x86
		{01D8E585-E848-4008-861E-2B1F002BE041}.Debug|x86.Deploy.0 = Debug|x86
		{01D8E585-E848-4008-861E-2B1F002BE041}.Release|Any CPU.ActiveCfg = Release|x86
		{01D8E585-E848-4008-861E-2B1F002BE041}.Release|Any CPU.Build.0 = Release|x86
		{01D8E585-E848-4008-861E-2B1F002BE041}.Release|Any CPU.Deploy.0 = Release|x86
		{01D8E585-E848-4008-861E-2B1F002BE041}.Release|ARM.ActiveCfg = Release|ARM
		{01D8E585-E848-4008-861E-2B1F002BE041}.Release|ARM.Build.0 = Release|ARM
		{01D8E585-E848-4008-861E-2B1F002BE041}.Release|ARM.Deploy.0 = Release|ARM
		{01D8E585-E848-4008-861E-2B1F002BE041}.Release|iPhone.ActiveCfg = Release|x86
		{01D8E585-E848-4008-861E-2B1F002BE041}.Release|iPhone.Build.0 = Release|x86
		{01D8E585-E848-4008-861E-2B1F002BE041}.Release|iPhone.Deploy.0 = Release|x86
		{01D8E585-E848-4008-861E-2B1F002BE041}.Release|iPhoneSimulator.ActiveCfg = Release|x86
		{01D8E585-E848-4008-861E-2B1F002BE041}.Release|iPhoneSimulator.Build.0 = Release|x86
		{01D8E585-E848-4008-861E-2B1F002BE041}.Release|iPhoneSimulator.Deploy.0 = Release|x86
		{01D8E585-E848-4008-861E-2B1F002BE041}.Release|x64.ActiveCfg = Release|x64
		{01D8E585-E848-4008-861E-2B1F002BE041}.Release|x64.Build.0 = Release|x64
		{01D8E585-E848-4008-861E-2B1F002BE041}.Release|x64.Deploy.0 = Release|x64
		{01D8E585-E848-4008-861E-2B1F002BE041}.Release|x86.ActiveCfg = Release|x86
		{01D8E585-E848-4008-861E-2B1F002BE041}.Release|x86.Build.0 = Release|x86
		{01D8E585-E848-4008-861E-2B1F002BE041}.Release|x86.Deploy.0 = Release|x86
		{A3B21840-B818-461F-8700-45336EFD2D8B}.Debug|Any CPU.ActiveCfg = Debug|Any CPU
		{A3B21840-B818-461F-8700-45336EFD2D8B}.Debug|Any CPU.Build.0 = Debug|Any CPU
		{A3B21840-B818-461F-8700-45336EFD2D8B}.Debug|Any CPU.Deploy.0 = Debug|Any CPU
		{A3B21840-B818-461F-8700-45336EFD2D8B}.Debug|ARM.ActiveCfg = Debug|Any CPU
		{A3B21840-B818-461F-8700-45336EFD2D8B}.Debug|ARM.Build.0 = Debug|Any CPU
		{A3B21840-B818-461F-8700-45336EFD2D8B}.Debug|ARM.Deploy.0 = Debug|Any CPU
		{A3B21840-B818-461F-8700-45336EFD2D8B}.Debug|iPhone.ActiveCfg = Debug|Any CPU
		{A3B21840-B818-461F-8700-45336EFD2D8B}.Debug|iPhone.Build.0 = Debug|Any CPU
		{A3B21840-B818-461F-8700-45336EFD2D8B}.Debug|iPhone.Deploy.0 = Debug|Any CPU
		{A3B21840-B818-461F-8700-45336EFD2D8B}.Debug|iPhoneSimulator.ActiveCfg = Debug|Any CPU
		{A3B21840-B818-461F-8700-45336EFD2D8B}.Debug|iPhoneSimulator.Build.0 = Debug|Any CPU
		{A3B21840-B818-461F-8700-45336EFD2D8B}.Debug|iPhoneSimulator.Deploy.0 = Debug|Any CPU
		{A3B21840-B818-461F-8700-45336EFD2D8B}.Debug|x64.ActiveCfg = Debug|Any CPU
		{A3B21840-B818-461F-8700-45336EFD2D8B}.Debug|x64.Build.0 = Debug|Any CPU
		{A3B21840-B818-461F-8700-45336EFD2D8B}.Debug|x64.Deploy.0 = Debug|Any CPU
		{A3B21840-B818-461F-8700-45336EFD2D8B}.Debug|x86.ActiveCfg = Debug|Any CPU
		{A3B21840-B818-461F-8700-45336EFD2D8B}.Debug|x86.Build.0 = Debug|Any CPU
		{A3B21840-B818-461F-8700-45336EFD2D8B}.Debug|x86.Deploy.0 = Debug|Any CPU
		{A3B21840-B818-461F-8700-45336EFD2D8B}.Release|Any CPU.ActiveCfg = Release|Any CPU
		{A3B21840-B818-461F-8700-45336EFD2D8B}.Release|Any CPU.Build.0 = Release|Any CPU
		{A3B21840-B818-461F-8700-45336EFD2D8B}.Release|Any CPU.Deploy.0 = Release|Any CPU
		{A3B21840-B818-461F-8700-45336EFD2D8B}.Release|ARM.ActiveCfg = Release|Any CPU
		{A3B21840-B818-461F-8700-45336EFD2D8B}.Release|ARM.Build.0 = Release|Any CPU
		{A3B21840-B818-461F-8700-45336EFD2D8B}.Release|ARM.Deploy.0 = Release|Any CPU
		{A3B21840-B818-461F-8700-45336EFD2D8B}.Release|iPhone.ActiveCfg = Release|Any CPU
		{A3B21840-B818-461F-8700-45336EFD2D8B}.Release|iPhone.Build.0 = Release|Any CPU
		{A3B21840-B818-461F-8700-45336EFD2D8B}.Release|iPhone.Deploy.0 = Release|Any CPU
		{A3B21840-B818-461F-8700-45336EFD2D8B}.Release|iPhoneSimulator.ActiveCfg = Release|Any CPU
		{A3B21840-B818-461F-8700-45336EFD2D8B}.Release|iPhoneSimulator.Build.0 = Release|Any CPU
		{A3B21840-B818-461F-8700-45336EFD2D8B}.Release|iPhoneSimulator.Deploy.0 = Release|Any CPU
		{A3B21840-B818-461F-8700-45336EFD2D8B}.Release|x64.ActiveCfg = Release|Any CPU
		{A3B21840-B818-461F-8700-45336EFD2D8B}.Release|x64.Build.0 = Release|Any CPU
		{A3B21840-B818-461F-8700-45336EFD2D8B}.Release|x64.Deploy.0 = Release|Any CPU
		{A3B21840-B818-461F-8700-45336EFD2D8B}.Release|x86.ActiveCfg = Release|Any CPU
		{A3B21840-B818-461F-8700-45336EFD2D8B}.Release|x86.Build.0 = Release|Any CPU
		{A3B21840-B818-461F-8700-45336EFD2D8B}.Release|x86.Deploy.0 = Release|Any CPU
		{E1A80FE3-A3CE-4CE3-9530-4CDF9188A901}.Debug|Any CPU.ActiveCfg = Debug|iPhoneSimulator
		{E1A80FE3-A3CE-4CE3-9530-4CDF9188A901}.Debug|Any CPU.Build.0 = Debug|iPhoneSimulator
		{E1A80FE3-A3CE-4CE3-9530-4CDF9188A901}.Debug|Any CPU.Deploy.0 = Debug|iPhoneSimulator
		{E1A80FE3-A3CE-4CE3-9530-4CDF9188A901}.Debug|ARM.ActiveCfg = Debug|iPhone
		{E1A80FE3-A3CE-4CE3-9530-4CDF9188A901}.Debug|ARM.Build.0 = Debug|iPhone
		{E1A80FE3-A3CE-4CE3-9530-4CDF9188A901}.Debug|ARM.Deploy.0 = Debug|iPhone
		{E1A80FE3-A3CE-4CE3-9530-4CDF9188A901}.Debug|iPhone.ActiveCfg = Debug|iPhone
		{E1A80FE3-A3CE-4CE3-9530-4CDF9188A901}.Debug|iPhone.Build.0 = Debug|iPhone
		{E1A80FE3-A3CE-4CE3-9530-4CDF9188A901}.Debug|iPhone.Deploy.0 = Debug|iPhone
		{E1A80FE3-A3CE-4CE3-9530-4CDF9188A901}.Debug|iPhoneSimulator.ActiveCfg = Debug|iPhoneSimulator
		{E1A80FE3-A3CE-4CE3-9530-4CDF9188A901}.Debug|iPhoneSimulator.Build.0 = Debug|iPhoneSimulator
		{E1A80FE3-A3CE-4CE3-9530-4CDF9188A901}.Debug|iPhoneSimulator.Deploy.0 = Debug|iPhoneSimulator
		{E1A80FE3-A3CE-4CE3-9530-4CDF9188A901}.Debug|x64.ActiveCfg = Debug|iPhoneSimulator
		{E1A80FE3-A3CE-4CE3-9530-4CDF9188A901}.Debug|x64.Build.0 = Debug|iPhoneSimulator
		{E1A80FE3-A3CE-4CE3-9530-4CDF9188A901}.Debug|x64.Deploy.0 = Debug|iPhoneSimulator
		{E1A80FE3-A3CE-4CE3-9530-4CDF9188A901}.Debug|x86.ActiveCfg = Debug|iPhoneSimulator
		{E1A80FE3-A3CE-4CE3-9530-4CDF9188A901}.Debug|x86.Build.0 = Debug|iPhoneSimulator
		{E1A80FE3-A3CE-4CE3-9530-4CDF9188A901}.Debug|x86.Deploy.0 = Debug|iPhoneSimulator
		{E1A80FE3-A3CE-4CE3-9530-4CDF9188A901}.Release|Any CPU.ActiveCfg = Release|iPhoneSimulator
		{E1A80FE3-A3CE-4CE3-9530-4CDF9188A901}.Release|Any CPU.Build.0 = Release|iPhoneSimulator
		{E1A80FE3-A3CE-4CE3-9530-4CDF9188A901}.Release|Any CPU.Deploy.0 = Release|iPhoneSimulator
		{E1A80FE3-A3CE-4CE3-9530-4CDF9188A901}.Release|ARM.ActiveCfg = Release|iPhoneSimulator
		{E1A80FE3-A3CE-4CE3-9530-4CDF9188A901}.Release|ARM.Build.0 = Release|iPhoneSimulator
		{E1A80FE3-A3CE-4CE3-9530-4CDF9188A901}.Release|ARM.Deploy.0 = Release|iPhoneSimulator
		{E1A80FE3-A3CE-4CE3-9530-4CDF9188A901}.Release|iPhone.ActiveCfg = Release|iPhone
		{E1A80FE3-A3CE-4CE3-9530-4CDF9188A901}.Release|iPhone.Build.0 = Release|iPhone
		{E1A80FE3-A3CE-4CE3-9530-4CDF9188A901}.Release|iPhone.Deploy.0 = Release|iPhone
		{E1A80FE3-A3CE-4CE3-9530-4CDF9188A901}.Release|iPhoneSimulator.ActiveCfg = Release|iPhoneSimulator
		{E1A80FE3-A3CE-4CE3-9530-4CDF9188A901}.Release|iPhoneSimulator.Build.0 = Release|iPhoneSimulator
		{E1A80FE3-A3CE-4CE3-9530-4CDF9188A901}.Release|iPhoneSimulator.Deploy.0 = Release|iPhoneSimulator
		{E1A80FE3-A3CE-4CE3-9530-4CDF9188A901}.Release|x64.ActiveCfg = Release|iPhoneSimulator
		{E1A80FE3-A3CE-4CE3-9530-4CDF9188A901}.Release|x64.Build.0 = Release|iPhoneSimulator
		{E1A80FE3-A3CE-4CE3-9530-4CDF9188A901}.Release|x64.Deploy.0 = Release|iPhoneSimulator
		{E1A80FE3-A3CE-4CE3-9530-4CDF9188A901}.Release|x86.ActiveCfg = Release|iPhoneSimulator
		{E1A80FE3-A3CE-4CE3-9530-4CDF9188A901}.Release|x86.Build.0 = Release|iPhoneSimulator
		{E1A80FE3-A3CE-4CE3-9530-4CDF9188A901}.Release|x86.Deploy.0 = Release|iPhoneSimulator
		{55ED534B-D9EB-41E8-9D83-4B10F542CCAA}.Debug|Any CPU.ActiveCfg = Debug|Any CPU
		{55ED534B-D9EB-41E8-9D83-4B10F542CCAA}.Debug|Any CPU.Build.0 = Debug|Any CPU
		{55ED534B-D9EB-41E8-9D83-4B10F542CCAA}.Debug|Any CPU.Deploy.0 = Debug|Any CPU
		{55ED534B-D9EB-41E8-9D83-4B10F542CCAA}.Debug|ARM.ActiveCfg = Debug|Any CPU
		{55ED534B-D9EB-41E8-9D83-4B10F542CCAA}.Debug|ARM.Build.0 = Debug|Any CPU
		{55ED534B-D9EB-41E8-9D83-4B10F542CCAA}.Debug|ARM.Deploy.0 = Debug|Any CPU
		{55ED534B-D9EB-41E8-9D83-4B10F542CCAA}.Debug|iPhone.ActiveCfg = Debug|Any CPU
		{55ED534B-D9EB-41E8-9D83-4B10F542CCAA}.Debug|iPhone.Build.0 = Debug|Any CPU
		{55ED534B-D9EB-41E8-9D83-4B10F542CCAA}.Debug|iPhone.Deploy.0 = Debug|Any CPU
		{55ED534B-D9EB-41E8-9D83-4B10F542CCAA}.Debug|iPhoneSimulator.ActiveCfg = Debug|Any CPU
		{55ED534B-D9EB-41E8-9D83-4B10F542CCAA}.Debug|iPhoneSimulator.Build.0 = Debug|Any CPU
		{55ED534B-D9EB-41E8-9D83-4B10F542CCAA}.Debug|iPhoneSimulator.Deploy.0 = Debug|Any CPU
		{55ED534B-D9EB-41E8-9D83-4B10F542CCAA}.Debug|x64.ActiveCfg = Debug|Any CPU
		{55ED534B-D9EB-41E8-9D83-4B10F542CCAA}.Debug|x64.Build.0 = Debug|Any CPU
		{55ED534B-D9EB-41E8-9D83-4B10F542CCAA}.Debug|x64.Deploy.0 = Debug|Any CPU
		{55ED534B-D9EB-41E8-9D83-4B10F542CCAA}.Debug|x86.ActiveCfg = Debug|Any CPU
		{55ED534B-D9EB-41E8-9D83-4B10F542CCAA}.Debug|x86.Build.0 = Debug|Any CPU
		{55ED534B-D9EB-41E8-9D83-4B10F542CCAA}.Debug|x86.Deploy.0 = Debug|Any CPU
		{55ED534B-D9EB-41E8-9D83-4B10F542CCAA}.Release|Any CPU.ActiveCfg = Release|Any CPU
		{55ED534B-D9EB-41E8-9D83-4B10F542CCAA}.Release|Any CPU.Build.0 = Release|Any CPU
		{55ED534B-D9EB-41E8-9D83-4B10F542CCAA}.Release|Any CPU.Deploy.0 = Release|Any CPU
		{55ED534B-D9EB-41E8-9D83-4B10F542CCAA}.Release|ARM.ActiveCfg = Release|Any CPU
		{55ED534B-D9EB-41E8-9D83-4B10F542CCAA}.Release|ARM.Build.0 = Release|Any CPU
		{55ED534B-D9EB-41E8-9D83-4B10F542CCAA}.Release|ARM.Deploy.0 = Release|Any CPU
		{55ED534B-D9EB-41E8-9D83-4B10F542CCAA}.Release|iPhone.ActiveCfg = Release|Any CPU
		{55ED534B-D9EB-41E8-9D83-4B10F542CCAA}.Release|iPhone.Build.0 = Release|Any CPU
		{55ED534B-D9EB-41E8-9D83-4B10F542CCAA}.Release|iPhone.Deploy.0 = Release|Any CPU
		{55ED534B-D9EB-41E8-9D83-4B10F542CCAA}.Release|iPhoneSimulator.ActiveCfg = Release|Any CPU
		{55ED534B-D9EB-41E8-9D83-4B10F542CCAA}.Release|iPhoneSimulator.Build.0 = Release|Any CPU
		{55ED534B-D9EB-41E8-9D83-4B10F542CCAA}.Release|iPhoneSimulator.Deploy.0 = Release|Any CPU
		{55ED534B-D9EB-41E8-9D83-4B10F542CCAA}.Release|x64.ActiveCfg = Release|Any CPU
		{55ED534B-D9EB-41E8-9D83-4B10F542CCAA}.Release|x64.Build.0 = Release|Any CPU
		{55ED534B-D9EB-41E8-9D83-4B10F542CCAA}.Release|x64.Deploy.0 = Release|Any CPU
		{55ED534B-D9EB-41E8-9D83-4B10F542CCAA}.Release|x86.ActiveCfg = Release|Any CPU
		{55ED534B-D9EB-41E8-9D83-4B10F542CCAA}.Release|x86.Build.0 = Release|Any CPU
		{55ED534B-D9EB-41E8-9D83-4B10F542CCAA}.Release|x86.Deploy.0 = Release|Any CPU
	EndGlobalSection
	GlobalSection(SolutionProperties) = preSolution
		HideSolutionNode = FALSE
	EndGlobalSection
	GlobalSection(ExtensibilityGlobals) = postSolution
		SolutionGuid = {3F551C02-0C4B-4BF9-B30B-00C3C7E088A4}
	EndGlobalSection
EndGlobal
